
Microsoft Visual Studio Solution File, Format Version 12.00
# Visual Studio 15
VisualStudioVersion = 15.0.28307.168
MinimumVisualStudioVersion = 10.0.40219.1
Project("{9A19103F-16F7-4668-BE54-9A1E7A4F7556}") = "AbstractFactoryPattern", "AbstractFactoryPattern\AbstractFactoryPattern.csproj", "{AABCFFFC-DEE6-4E62-A824-A9D08DEEF5BF}"
EndProject
Project("{9A19103F-16F7-4668-BE54-9A1E7A4F7556}") = "BuilderPattern", "BuilderPattern\BuilderPattern.csproj", "{67507DA8-CF11-4930-9D82-28F01E372CD0}"
EndProject
Project("{9A19103F-16F7-4668-BE54-9A1E7A4F7556}") = "FactoryMethodPattern", "FactoryMethodPattern\FactoryMethodPattern.csproj", "{0F3E883D-8699-4483-9D46-1681AD346C22}"
EndProject
Project("{9A19103F-16F7-4668-BE54-9A1E7A4F7556}") = "ObjectPoolPattern", "ObjectPoolPattern\ObjectPoolPattern.csproj", "{C8377A88-1995-41F3-94DD-2C3823682FC3}"
EndProject
Project("{9A19103F-16F7-4668-BE54-9A1E7A4F7556}") = "PrototypePattern", "PrototypePattern\PrototypePattern.csproj", "{44803237-A277-428C-815A-63E9F6AC087A}"
EndProject
Project("{FAE04EC0-301F-11D3-BF4B-00C04F79EFBC}") = "SingletonPattern", "SingletonPattern\SingletonPattern.csproj", "{D389D04A-256A-46BE-8508-90D6B78D66A6}"
EndProject
Global
	GlobalSection(SolutionConfigurationPlatforms) = preSolution
		Debug|Any CPU = Debug|Any CPU
		Release|Any CPU = Release|Any CPU
	EndGlobalSection
	GlobalSection(ProjectConfigurationPlatforms) = postSolution
		{AABCFFFC-DEE6-4E62-A824-A9D08DEEF5BF}.Debug|Any CPU.ActiveCfg = Debug|Any CPU
		{AABCFFFC-DEE6-4E62-A824-A9D08DEEF5BF}.Debug|Any CPU.Build.0 = Debug|Any CPU
		{AABCFFFC-DEE6-4E62-A824-A9D08DEEF5BF}.Release|Any CPU.ActiveCfg = Release|Any CPU
		{AABCFFFC-DEE6-4E62-A824-A9D08DEEF5BF}.Release|Any CPU.Build.0 = Release|Any CPU
		{67507DA8-CF11-4930-9D82-28F01E372CD0}.Debug|Any CPU.ActiveCfg = Debug|Any CPU
		{67507DA8-CF11-4930-9D82-28F01E372CD0}.Debug|Any CPU.Build.0 = Debug|Any CPU
		{67507DA8-CF11-4930-9D82-28F01E372CD0}.Release|Any CPU.ActiveCfg = Release|Any CPU
		{67507DA8-CF11-4930-9D82-28F01E372CD0}.Release|Any CPU.Build.0 = Release|Any CPU
		{0F3E883D-8699-4483-9D46-1681AD346C22}.Debug|Any CPU.ActiveCfg = Debug|Any CPU
		{0F3E883D-8699-4483-9D46-1681AD346C22}.Debug|Any CPU.Build.0 = Debug|Any CPU
		{0F3E883D-8699-4483-9D46-1681AD346C22}.Release|Any CPU.ActiveCfg = Release|Any CPU
		{0F3E883D-8699-4483-9D46-1681AD346C22}.Release|Any CPU.Build.0 = Release|Any CPU
		{C8377A88-1995-41F3-94DD-2C3823682FC3}.Debug|Any CPU.ActiveCfg = Debug|Any CPU
		{C8377A88-1995-41F3-94DD-2C3823682FC3}.Debug|Any CPU.Build.0 = Debug|Any CPU
		{C8377A88-1995-41F3-94DD-2C3823682FC3}.Release|Any CPU.ActiveCfg = Release|Any CPU
		{C8377A88-1995-41F3-94DD-2C3823682FC3}.Release|Any CPU.Build.0 = Release|Any CPU
		{44803237-A277-428C-815A-63E9F6AC087A}.Debug|Any CPU.ActiveCfg = Debug|Any CPU
		{44803237-A277-428C-815A-63E9F6AC087A}.Debug|Any CPU.Build.0 = Debug|Any CPU
		{44803237-A277-428C-815A-63E9F6AC087A}.Release|Any CPU.ActiveCfg = Release|Any CPU
		{44803237-A277-428C-815A-63E9F6AC087A}.Release|Any CPU.Build.0 = Release|Any CPU
		{D389D04A-256A-46BE-8508-90D6B78D66A6}.Debug|Any CPU.ActiveCfg = Debug|Any CPU
		{D389D04A-256A-46BE-8508-90D6B78D66A6}.Debug|Any CPU.Build.0 = Debug|Any CPU
		{D389D04A-256A-46BE-8508-90D6B78D66A6}.Release|Any CPU.ActiveCfg = Release|Any CPU
		{D389D04A-256A-46BE-8508-90D6B78D66A6}.Release|Any CPU.Build.0 = Release|Any CPU
	EndGlobalSection
	GlobalSection(SolutionProperties) = preSolution
		HideSolutionNode = FALSE
	EndGlobalSection
	GlobalSection(ExtensibilityGlobals) = postSolution
		SolutionGuid = {F415A714-40D6-4BF1-9226-B3C94513D14C}
	EndGlobalSection
EndGlobal
